<?xml version="1.0" encoding="utf-8"?>
<Project ToolsVersion="4.0" xmlns="http://schemas.microsoft.com/developer/msbuild/2003">
  <ItemGroup>
    <ClCompile Include="Main.cpp">
      <Filter>Main</Filter>
    </ClCompile>
    <ClCompile Include="Window.cpp">
      <Filter>WIndow</Filter>
    </ClCompile>
    <ClCompile Include="Renderer.cpp">
      <Filter>Rendering</Filter>
    </ClCompile>
  </ItemGroup>
  <ItemGroup>
    <Filter Include="Algorithms">
      <UniqueIdentifier>{33f4a08e-1ec4-4644-a914-f4631c3f7ce6}</UniqueIdentifier>
    </Filter>
    <Filter Include="Main">
      <UniqueIdentifier>{6c310478-3368-4bb0-89e5-54511063cc4c}</UniqueIdentifier>
    </Filter>
    <Filter Include="WIndow">
      <UniqueIdentifier>{2d3fcd17-f71d-4fc3-a103-c3b6755343ef}</UniqueIdentifier>
    </Filter>
    <Filter Include="Util">
      <UniqueIdentifier>{42f995f1-9679-4d8b-94e9-9aedb87e593b}</UniqueIdentifier>
    </Filter>
    <Filter Include="Rendering">
      <UniqueIdentifier>{f6110f04-a908-4cf0-b601-c2c438ea7768}</UniqueIdentifier>
    </Filter>
  </ItemGroup>
  <ItemGroup>
    <ClInclude Include="Window.h">
      <Filter>WIndow</Filter>
    </ClInclude>
    <ClInclude Include="Error.h">
      <Filter>Util</Filter>
    </ClInclude>
    <ClInclude Include="Renderer.h">
      <Filter>Rendering</Filter>
    </ClInclude>
  </ItemGroup>
</Project>