<?xml version="1.0" encoding="utf-8"?>
<Project ToolsVersion="4.0" xmlns="http://schemas.microsoft.com/developer/msbuild/2003">
  <ItemGroup>
    <ClCompile Include="Main.cpp">
      <Filter>Main</Filter>
    </ClCompile>
    <ClCompile Include="Renderer.cpp">
      <Filter>Rendering</Filter>
    </ClCompile>
    <ClCompile Include="ParticleEmitter.cpp">
      <Filter>Render Objects</Filter>
    </ClCompile>
    <ClCompile Include="Cell.cpp">
      <Filter>Algorithms</Filter>
    </ClCompile>
    <ClCompile Include="LevelLoader.cpp">
      <Filter>Algorithms</Filter>
    </ClCompile>
    <ClCompile Include="Maze.cpp">
      <Filter>Algorithms</Filter>
    </ClCompile>
    <ClCompile Include="Border.cpp">
      <Filter>Render Objects</Filter>
    </ClCompile>
    <ClCompile Include="Title.cpp">
      <Filter>Render Objects</Filter>
    </ClCompile>
    <ClCompile Include="Game.cpp">
      <Filter>WIndow</Filter>
    </ClCompile>
    <ClCompile Include="Keyboard.cpp">
      <Filter>WIndow</Filter>
    </ClCompile>
    <ClCompile Include="Timer.cpp">
      <Filter>WIndow</Filter>
    </ClCompile>
  </ItemGroup>
  <ItemGroup>
    <Filter Include="Algorithms">
      <UniqueIdentifier>{33f4a08e-1ec4-4644-a914-f4631c3f7ce6}</UniqueIdentifier>
    </Filter>
    <Filter Include="Main">
      <UniqueIdentifier>{6c310478-3368-4bb0-89e5-54511063cc4c}</UniqueIdentifier>
    </Filter>
    <Filter Include="WIndow">
      <UniqueIdentifier>{2d3fcd17-f71d-4fc3-a103-c3b6755343ef}</UniqueIdentifier>
    </Filter>
    <Filter Include="Util">
      <UniqueIdentifier>{42f995f1-9679-4d8b-94e9-9aedb87e593b}</UniqueIdentifier>
    </Filter>
    <Filter Include="Rendering">
      <UniqueIdentifier>{f6110f04-a908-4cf0-b601-c2c438ea7768}</UniqueIdentifier>
    </Filter>
    <Filter Include="Sprites">
      <UniqueIdentifier>{2a8f228b-270b-4381-8b66-1ac90a534ec9}</UniqueIdentifier>
    </Filter>
    <Filter Include="Maze Data">
      <UniqueIdentifier>{5707c951-cb8a-463c-8313-421e5bb9aaaf}</UniqueIdentifier>
    </Filter>
    <Filter Include="Render Objects">
      <UniqueIdentifier>{1f601506-2259-42b2-a6d5-f8453976fff2}</UniqueIdentifier>
    </Filter>
  </ItemGroup>
  <ItemGroup>
    <ClInclude Include="Error.h">
      <Filter>Util</Filter>
    </ClInclude>
    <ClInclude Include="Renderer.h">
      <Filter>Rendering</Filter>
    </ClInclude>
    <ClInclude Include="Writing.h">
      <Filter>Rendering</Filter>
    </ClInclude>
    <ClInclude Include="CompilerSettings.h">
      <Filter>Util</Filter>
    </ClInclude>
    <ClInclude Include="Vertex.h">
      <Filter>Rendering</Filter>
    </ClInclude>
    <ClInclude Include="Vector2D.h">
      <Filter>Rendering</Filter>
    </ClInclude>
    <ClInclude Include="iRenderable.h">
      <Filter>Rendering</Filter>
    </ClInclude>
    <ClInclude Include="ParticleEmitter.h">
      <Filter>Render Objects</Filter>
    </ClInclude>
    <ClInclude Include="Cell.h">
      <Filter>Algorithms</Filter>
    </ClInclude>
    <ClInclude Include="Character.h">
      <Filter>Algorithms</Filter>
    </ClInclude>
    <ClInclude Include="Interface.h">
      <Filter>Algorithms</Filter>
    </ClInclude>
    <ClInclude Include="LevelLoader.h">
      <Filter>Algorithms</Filter>
    </ClInclude>
    <ClInclude Include="Maze.h">
      <Filter>Algorithms</Filter>
    </ClInclude>
    <ClInclude Include="Pathfinder.h">
      <Filter>Algorithms</Filter>
    </ClInclude>
    <ClInclude Include="ScreenRenderer.h">
      <Filter>Algorithms</Filter>
    </ClInclude>
    <ClInclude Include="Border.h">
      <Filter>Render Objects</Filter>
    </ClInclude>
    <ClInclude Include="Title.h">
      <Filter>Render Objects</Filter>
    </ClInclude>
    <ClInclude Include="Game.h">
      <Filter>WIndow</Filter>
    </ClInclude>
    <ClInclude Include="Keyboard.h">
      <Filter>WIndow</Filter>
    </ClInclude>
    <ClInclude Include="Timer.h">
      <Filter>WIndow</Filter>
    </ClInclude>
    <ClInclude Include="Resource.h">
      <Filter>WIndow</Filter>
    </ClInclude>
  </ItemGroup>
  <ItemGroup>
    <Image Include="Debug\bin\Debug\Sprites\MR_BG_Border.png">
      <Filter>Sprites</Filter>
    </Image>
    <Image Include="Debug\bin\Debug\Sprites\MR_BG_Grid.png">
      <Filter>Sprites</Filter>
    </Image>
    <Image Include="Debug\bin\Debug\Sprites\MR_BG_White.png">
      <Filter>Sprites</Filter>
    </Image>
    <Image Include="Debug\bin\Debug\Sprites\MR_Spritesheet_Cells.png">
      <Filter>Sprites</Filter>
    </Image>
    <Image Include="Debug\bin\Debug\Sprites\MR_Spritesheet_Chars.png">
      <Filter>Sprites</Filter>
    </Image>
    <Image Include="Debug\bin\Debug\Sprites\MazeRunnerTItle.png">
      <Filter>Sprites</Filter>
    </Image>
  </ItemGroup>
</Project>